
Microsoft Visual Studio Solution File, Format Version 12.00
# Visual Studio Version 17
VisualStudioVersion = 17.7.34221.43
MinimumVisualStudioVersion = 10.0.40219.1
Project("{FAE04EC0-301F-11D3-BF4B-00C04F79EFBC}") = "game", "game\game.csproj", "{6D9C8ACA-E5B6-4A6C-A55D-347C0CA260B6}"
EndProject
Global
	GlobalSection(SolutionConfigurationPlatforms) = preSolution
		Debug|Any CPU = Debug|Any CPU
		Release|Any CPU = Release|Any CPU
	EndGlobalSection
	GlobalSection(ProjectConfigurationPlatforms) = postSolution
		{6D9C8ACA-E5B6-4A6C-A55D-347C0CA260B6}.Debug|Any CPU.ActiveCfg = Debug|Any CPU
		{6D9C8ACA-E5B6-4A6C-A55D-347C0CA260B6}.Debug|Any CPU.Build.0 = Debug|Any CPU
		{6D9C8ACA-E5B6-4A6C-A55D-347C0CA260B6}.Release|Any CPU.ActiveCfg = Release|Any CPU
		{6D9C8ACA-E5B6-4A6C-A55D-347C0CA260B6}.Release|Any CPU.Build.0 = Release|Any CPU
	EndGlobalSection
	GlobalSection(SolutionProperties) = preSolution
		HideSolutionNode = FALSE
	EndGlobalSection
	GlobalSection(ExtensibilityGlobals) = postSolution
		SolutionGuid = {596A87E2-787C-48F5-A98A-1DA71E114EC7}
	EndGlobalSection
EndGlobal
